
Microsoft Visual Studio Solution File, Format Version 12.00
# Visual Studio Version 16
VisualStudioVersion = 16.0.34931.43
MinimumVisualStudioVersion = 10.0.40219.1
Project("{FAE04EC0-301F-11D3-BF4B-00C04F79EFBC}") = "12-practicum", "12-practicum\12-practicum.csproj", "{53C7EB4C-8EC6-4831-93E3-6A8BF1B5E49E}"
EndProject
Global
	GlobalSection(SolutionConfigurationPlatforms) = preSolution
		Debug|Any CPU = Debug|Any CPU
		Release|Any CPU = Release|Any CPU
	EndGlobalSection
	GlobalSection(ProjectConfigurationPlatforms) = postSolution
		{53C7EB4C-8EC6-4831-93E3-6A8BF1B5E49E}.Debug|Any CPU.ActiveCfg = Debug|Any CPU
		{53C7EB4C-8EC6-4831-93E3-6A8BF1B5E49E}.Debug|Any CPU.Build.0 = Debug|Any CPU
		{53C7EB4C-8EC6-4831-93E3-6A8BF1B5E49E}.Release|Any CPU.ActiveCfg = Release|Any CPU
		{53C7EB4C-8EC6-4831-93E3-6A8BF1B5E49E}.Release|Any CPU.Build.0 = Release|Any CPU
	EndGlobalSection
	GlobalSection(SolutionProperties) = preSolution
		HideSolutionNode = FALSE
	EndGlobalSection
	GlobalSection(ExtensibilityGlobals) = postSolution
		SolutionGuid = {C307EA83-0278-405A-BF7D-C1F6977BA663}
	EndGlobalSection
EndGlobal
